
Microsoft Visual Studio Solution File, Format Version 10.00
# Visual C# Express 2008
Project("{FAE04EC0-301F-11D3-BF4B-00C04F79EFBC}") = "Shop Maker", "Shop Maker\Shop Maker.csproj", "{FA3CC42F-4244-4B5C-B774-7C99C4BF11AF}"
EndProject
Global
	GlobalSection(SolutionConfigurationPlatforms) = preSolution
		Debug|Any CPU = Debug|Any CPU
		Release|Any CPU = Release|Any CPU
	EndGlobalSection
	GlobalSection(ProjectConfigurationPlatforms) = postSolution
		{FA3CC42F-4244-4B5C-B774-7C99C4BF11AF}.Debug|Any CPU.ActiveCfg = Debug|Any CPU
		{FA3CC42F-4244-4B5C-B774-7C99C4BF11AF}.Debug|Any CPU.Build.0 = Debug|Any CPU
		{FA3CC42F-4244-4B5C-B774-7C99C4BF11AF}.Release|Any CPU.ActiveCfg = Release|Any CPU
		{FA3CC42F-4244-4B5C-B774-7C99C4BF11AF}.Release|Any CPU.Build.0 = Release|Any CPU
	EndGlobalSection
	GlobalSection(SolutionProperties) = preSolution
		HideSolutionNode = FALSE
	EndGlobalSection
EndGlobal
